PODS:
  - CLILogger (0.2.0):
    - CocoaAsyncSocket (>= 7.6)
    - CocoaLumberjack/Swift (>= 3.7)
  - CocoaAsyncSocket (7.6.5)
  - CocoaLumberjack/Core (3.7.0)
  - CocoaLumberjack/Swift (3.7.0):
    - CocoaLumberjack/Core

DEPENDENCIES:
  - CLILogger (from `../`)
  - CocoaAsyncSocket
  - CocoaLumberjack/Swift

SPEC REPOS:
  trunk:
    - CocoaAsyncSocket
    - CocoaLumberjack

EXTERNAL SOURCES:
  CLILogger:
    :path: "../"

SPEC CHECKSUMS:
  CLILogger: cbe63cd95b7f54f912822ad913f611e5a6c98e08
  CocoaAsyncSocket: 065fd1e645c7abab64f7a6a2007a48038fdc6a99
  CocoaLumberjack: e8955b9d337ac307103b0a34fd141c32f27e53c5

PODFILE CHECKSUM: 9f7f2c690f0cbd0314b6201985708e4afb401754

COCOAPODS: 1.16.2
