PODS:
  - CLILogger (0.1.0):
    - CocoaAsyncSocket (~> 7.6.5)
    - CocoaLumberjack/Swift (~> 3.7.0)
  - CocoaAsyncSocket (7.6.5)
  - CocoaLumberjack/Core (3.7.0)
  - CocoaLumberjack/Swift (3.7.0):
    - CocoaLumberjack/Core

DEPENDENCIES:
  - CLILogger (from `../`)
  - CocoaAsyncSocket
  - CocoaLumberjack/Swift

SPEC REPOS:
  trunk:
    - CocoaAsyncSocket
    - CocoaLumberjack

EXTERNAL SOURCES:
  CLILogger:
    :path: "../"

SPEC CHECKSUMS:
  CLILogger: fd520d849d45de91c2d9f2bc4570fd0ffb60a821
  CocoaAsyncSocket: 065fd1e645c7abab64f7a6a2007a48038fdc6a99
  CocoaLumberjack: e8955b9d337ac307103b0a34fd141c32f27e53c5

PODFILE CHECKSUM: 9f7f2c690f0cbd0314b6201985708e4afb401754

COCOAPODS: 1.15.2
