// !$*UTF8*$!
{
	archiveVersion = 1;
	classes = {
	};
	objectVersion = 52;
	objects = {

/* Begin PBXBuildFile section */
		685A91E625F34576002C6102 /* main.swift in Sources */ = {isa = PBXBuildFile; fileRef = 685A91E525F34576002C6102 /* main.swift */; };
		685A91F525F3CB13002C6102 /* ArgumentParser in Frameworks */ = {isa = PBXBuildFile; productRef = 685A91F425F3CB13002C6102 /* ArgumentParser */; };
		685A920D25F3EDCA002C6102 /* CLILoggingService.swift in Sources */ = {isa = PBXBuildFile; fileRef = 685A920C25F3EDCA002C6102 /* CLILoggingService.swift */; };
		68B368C02600542200F6C732 /* Configuration.swift in Sources */ = {isa = PBXBuildFile; fileRef = 68B368BF2600542200F6C732 /* Configuration.swift */; };
		68B3699F2603367100F6C732 /* CLILoggingEntity+Extension.swift in Sources */ = {isa = PBXBuildFile; fileRef = 68B3699E2603367100F6C732 /* CLILoggingEntity+Extension.swift */; };
		68B369A32603445600F6C732 /* DDLog+Extension.swift in Sources */ = {isa = PBXBuildFile; fileRef = 68B369A22603445600F6C732 /* DDLog+Extension.swift */; };
		68EB180726BE754600B48A63 /* Yams in Frameworks */ = {isa = PBXBuildFile; productRef = 68EB180626BE754600B48A63 /* Yams */; };
		890B47A0966FB6D71C4067DB /* libPods-CLILoggerServer.a in Frameworks */ = {isa = PBXBuildFile; fileRef = 2451DC1179D65F23D507259A /* libPods-CLILoggerServer.a */; };
/* End PBXBuildFile section */

/* Begin PBXCopyFilesBuildPhase section */
		685A91E025F34576002C6102 /* CopyFiles */ = {
			isa = PBXCopyFilesBuildPhase;
			buildActionMask = 2147483647;
			dstPath = /usr/share/man/man1/;
			dstSubfolderSpec = 0;
			files = (
			);
			runOnlyForDeploymentPostprocessing = 1;
		};
/* End PBXCopyFilesBuildPhase section */

/* Begin PBXFileReference section */
		2451DC1179D65F23D507259A /* libPods-CLILoggerServer.a */ = {isa = PBXFileReference; explicitFileType = archive.ar; includeInIndex = 0; path = "libPods-CLILoggerServer.a"; sourceTree = BUILT_PRODUCTS_DIR; };
		685A91E225F34576002C6102 /* cli-logger */ = {isa = PBXFileReference; explicitFileType = "compiled.mach-o.executable"; includeInIndex = 0; path = "cli-logger"; sourceTree = BUILT_PRODUCTS_DIR; };
		685A91E525F34576002C6102 /* main.swift */ = {isa = PBXFileReference; lastKnownFileType = sourcecode.swift; path = main.swift; sourceTree = "<group>"; };
		685A920C25F3EDCA002C6102 /* CLILoggingService.swift */ = {isa = PBXFileReference; lastKnownFileType = sourcecode.swift; path = CLILoggingService.swift; sourceTree = "<group>"; };
		68B368BF2600542200F6C732 /* Configuration.swift */ = {isa = PBXFileReference; lastKnownFileType = sourcecode.swift; path = Configuration.swift; sourceTree = "<group>"; };
		68B3699E2603367100F6C732 /* CLILoggingEntity+Extension.swift */ = {isa = PBXFileReference; lastKnownFileType = sourcecode.swift; path = "CLILoggingEntity+Extension.swift"; sourceTree = "<group>"; };
		68B369A22603445600F6C732 /* DDLog+Extension.swift */ = {isa = PBXFileReference; lastKnownFileType = sourcecode.swift; path = "DDLog+Extension.swift"; sourceTree = "<group>"; };
		A4428C2A61DD9393A626826C /* Pods-CLILoggerServer.release.xcconfig */ = {isa = PBXFileReference; includeInIndex = 1; lastKnownFileType = text.xcconfig; name = "Pods-CLILoggerServer.release.xcconfig"; path = "Target Support Files/Pods-CLILoggerServer/Pods-CLILoggerServer.release.xcconfig"; sourceTree = "<group>"; };
		BFB3A83EDEB9CAAAECC7ED80 /* Pods-CLILoggerServer.debug.xcconfig */ = {isa = PBXFileReference; includeInIndex = 1; lastKnownFileType = text.xcconfig; name = "Pods-CLILoggerServer.debug.xcconfig"; path = "Target Support Files/Pods-CLILoggerServer/Pods-CLILoggerServer.debug.xcconfig"; sourceTree = "<group>"; };
/* End PBXFileReference section */

/* Begin PBXFrameworksBuildPhase section */
		685A91DF25F34576002C6102 /* Frameworks */ = {
			isa = PBXFrameworksBuildPhase;
			buildActionMask = 2147483647;
			files = (
				685A91F525F3CB13002C6102 /* ArgumentParser in Frameworks */,
				68EB180726BE754600B48A63 /* Yams in Frameworks */,
				890B47A0966FB6D71C4067DB /* libPods-CLILoggerServer.a in Frameworks */,
			);
			runOnlyForDeploymentPostprocessing = 0;
		};
/* End PBXFrameworksBuildPhase section */

/* Begin PBXGroup section */
		2308BDD391BC7492AD0144F5 /* Pods */ = {
			isa = PBXGroup;
			children = (
				BFB3A83EDEB9CAAAECC7ED80 /* Pods-CLILoggerServer.debug.xcconfig */,
				A4428C2A61DD9393A626826C /* Pods-CLILoggerServer.release.xcconfig */,
			);
			path = Pods;
			sourceTree = "<group>";
		};
		685A91D925F34576002C6102 = {
			isa = PBXGroup;
			children = (
				685A91E425F34576002C6102 /* CLILoggerServer */,
				685A91E325F34576002C6102 /* Products */,
				2308BDD391BC7492AD0144F5 /* Pods */,
				CC7B7CD10E310E33D2D66923 /* Frameworks */,
			);
			sourceTree = "<group>";
		};
		685A91E325F34576002C6102 /* Products */ = {
			isa = PBXGroup;
			children = (
				685A91E225F34576002C6102 /* cli-logger */,
			);
			name = Products;
			sourceTree = "<group>";
		};
		685A91E425F34576002C6102 /* CLILoggerServer */ = {
			isa = PBXGroup;
			children = (
				685A91E525F34576002C6102 /* main.swift */,
				685A920C25F3EDCA002C6102 /* CLILoggingService.swift */,
				68B3699E2603367100F6C732 /* CLILoggingEntity+Extension.swift */,
				68B369A22603445600F6C732 /* DDLog+Extension.swift */,
				68B368BF2600542200F6C732 /* Configuration.swift */,
			);
			path = CLILoggerServer;
			sourceTree = "<group>";
		};
		CC7B7CD10E310E33D2D66923 /* Frameworks */ = {
			isa = PBXGroup;
			children = (
				2451DC1179D65F23D507259A /* libPods-CLILoggerServer.a */,
			);
			name = Frameworks;
			sourceTree = "<group>";
		};
/* End PBXGroup section */

/* Begin PBXNativeTarget section */
		685A91E125F34576002C6102 /* CLILoggerServer */ = {
			isa = PBXNativeTarget;
			buildConfigurationList = 685A91E925F34576002C6102 /* Build configuration list for PBXNativeTarget "CLILoggerServer" */;
			buildPhases = (
				20D46653CF5EB07A50227790 /* [CP] Check Pods Manifest.lock */,
				685A91DE25F34576002C6102 /* Sources */,
				685A91DF25F34576002C6102 /* Frameworks */,
				685A91E025F34576002C6102 /* CopyFiles */,
			);
			buildRules = (
			);
			dependencies = (
			);
			name = CLILoggerServer;
			packageProductDependencies = (
				685A91F425F3CB13002C6102 /* ArgumentParser */,
				68EB180626BE754600B48A63 /* Yams */,
			);
			productName = CLILoggerServer;
			productReference = 685A91E225F34576002C6102 /* cli-logger */;
			productType = "com.apple.product-type.tool";
		};
/* End PBXNativeTarget section */

/* Begin PBXProject section */
		685A91DA25F34576002C6102 /* Project object */ = {
			isa = PBXProject;
			attributes = {
				LastSwiftUpdateCheck = 1230;
				LastUpgradeCheck = 1230;
				TargetAttributes = {
					685A91E125F34576002C6102 = {
						CreatedOnToolsVersion = 12.3;
					};
				};
			};
			buildConfigurationList = 685A91DD25F34576002C6102 /* Build configuration list for PBXProject "CLILoggerServer" */;
			compatibilityVersion = "Xcode 9.3";
			developmentRegion = en;
			hasScannedForEncodings = 0;
			knownRegions = (
				en,
				Base,
			);
			mainGroup = 685A91D925F34576002C6102;
			packageReferences = (
				685A91F325F3CB13002C6102 /* XCRemoteSwiftPackageReference "swift-argument-parser" */,
				68EB180526BE754600B48A63 /* XCRemoteSwiftPackageReference "Yams" */,
			);
			productRefGroup = 685A91E325F34576002C6102 /* Products */;
			projectDirPath = "";
			projectRoot = "";
			targets = (
				685A91E125F34576002C6102 /* CLILoggerServer */,
			);
		};
/* End PBXProject section */

/* Begin PBXShellScriptBuildPhase section */
		20D46653CF5EB07A50227790 /* [CP] Check Pods Manifest.lock */ = {
			isa = PBXShellScriptBuildPhase;
			buildActionMask = 2147483647;
			files = (
			);
			inputFileListPaths = (
			);
			inputPaths = (
				"${PODS_PODFILE_DIR_PATH}/Podfile.lock",
				"${PODS_ROOT}/Manifest.lock",
			);
			name = "[CP] Check Pods Manifest.lock";
			outputFileListPaths = (
			);
			outputPaths = (
				"$(DERIVED_FILE_DIR)/Pods-CLILoggerServer-checkManifestLockResult.txt",
			);
			runOnlyForDeploymentPostprocessing = 0;
			shellPath = /bin/sh;
			shellScript = "diff \"${PODS_PODFILE_DIR_PATH}/Podfile.lock\" \"${PODS_ROOT}/Manifest.lock\" > /dev/null\nif [ $? != 0 ] ; then\n    # print error to STDERR\n    echo \"error: The sandbox is not in sync with the Podfile.lock. Run 'pod install' or update your CocoaPods installation.\" >&2\n    exit 1\nfi\n# This output is used by Xcode 'outputs' to avoid re-running this script phase.\necho \"SUCCESS\" > \"${SCRIPT_OUTPUT_FILE_0}\"\n";
			showEnvVarsInLog = 0;
		};
/* End PBXShellScriptBuildPhase section */

/* Begin PBXSourcesBuildPhase section */
		685A91DE25F34576002C6102 /* Sources */ = {
			isa = PBXSourcesBuildPhase;
			buildActionMask = 2147483647;
			files = (
				685A91E625F34576002C6102 /* main.swift in Sources */,
				685A920D25F3EDCA002C6102 /* CLILoggingService.swift in Sources */,
				68B3699F2603367100F6C732 /* CLILoggingEntity+Extension.swift in Sources */,
				68B368C02600542200F6C732 /* Configuration.swift in Sources */,
				68B369A32603445600F6C732 /* DDLog+Extension.swift in Sources */,
			);
			runOnlyForDeploymentPostprocessing = 0;
		};
/* End PBXSourcesBuildPhase section */

/* Begin XCBuildConfiguration section */
		685A91E725F34576002C6102 /* Debug */ = {
			isa = XCBuildConfiguration;
			buildSettings = {
				ALWAYS_SEARCH_USER_PATHS = NO;
				CLANG_ANALYZER_NONNULL = YES;
				CLANG_ANALYZER_NUMBER_OBJECT_CONVERSION = YES_AGGRESSIVE;
				CLANG_CXX_LANGUAGE_STANDARD = "gnu++14";
				CLANG_CXX_LIBRARY = "libc++";
				CLANG_ENABLE_MODULES = YES;
				CLANG_ENABLE_OBJC_ARC = YES;
				CLANG_ENABLE_OBJC_WEAK = YES;
				CLANG_WARN_BLOCK_CAPTURE_AUTORELEASING = YES;
				CLANG_WARN_BOOL_CONVERSION = YES;
				CLANG_WARN_COMMA = YES;
				CLANG_WARN_CONSTANT_CONVERSION = YES;
				CLANG_WARN_DEPRECATED_OBJC_IMPLEMENTATIONS = YES;
				CLANG_WARN_DIRECT_OBJC_ISA_USAGE = YES_ERROR;
				CLANG_WARN_DOCUMENTATION_COMMENTS = YES;
				CLANG_WARN_EMPTY_BODY = YES;
				CLANG_WARN_ENUM_CONVERSION = YES;
				CLANG_WARN_INFINITE_RECURSION = YES;
				CLANG_WARN_INT_CONVERSION = YES;
				CLANG_WARN_NON_LITERAL_NULL_CONVERSION = YES;
				CLANG_WARN_OBJC_IMPLICIT_RETAIN_SELF = YES;
				CLANG_WARN_OBJC_LITERAL_CONVERSION = YES;
				CLANG_WARN_OBJC_ROOT_CLASS = YES_ERROR;
				CLANG_WARN_QUOTED_INCLUDE_IN_FRAMEWORK_HEADER = YES;
				CLANG_WARN_RANGE_LOOP_ANALYSIS = YES;
				CLANG_WARN_STRICT_PROTOTYPES = YES;
				CLANG_WARN_SUSPICIOUS_MOVE = YES;
				CLANG_WARN_UNGUARDED_AVAILABILITY = YES_AGGRESSIVE;
				CLANG_WARN_UNREACHABLE_CODE = YES;
				CLANG_WARN__DUPLICATE_METHOD_MATCH = YES;
				COPY_PHASE_STRIP = NO;
				DEBUG_INFORMATION_FORMAT = dwarf;
				ENABLE_STRICT_OBJC_MSGSEND = YES;
				ENABLE_TESTABILITY = YES;
				GCC_C_LANGUAGE_STANDARD = gnu11;
				GCC_DYNAMIC_NO_PIC = NO;
				GCC_NO_COMMON_BLOCKS = YES;
				GCC_OPTIMIZATION_LEVEL = 0;
				GCC_PREPROCESSOR_DEFINITIONS = (
					"DEBUG=1",
					"$(inherited)",
				);
				GCC_WARN_64_TO_32_BIT_CONVERSION = YES;
				GCC_WARN_ABOUT_RETURN_TYPE = YES_ERROR;
				GCC_WARN_UNDECLARED_SELECTOR = YES;
				GCC_WARN_UNINITIALIZED_AUTOS = YES_AGGRESSIVE;
				GCC_WARN_UNUSED_FUNCTION = YES;
				GCC_WARN_UNUSED_VARIABLE = YES;
				MACOSX_DEPLOYMENT_TARGET = 10.15;
				MTL_ENABLE_DEBUG_INFO = INCLUDE_SOURCE;
				MTL_FAST_MATH = YES;
				ONLY_ACTIVE_ARCH = YES;
				SDKROOT = macosx;
				SWIFT_ACTIVE_COMPILATION_CONDITIONS = DEBUG;
				SWIFT_OPTIMIZATION_LEVEL = "-Onone";
			};
			name = Debug;
		};
		685A91E825F34576002C6102 /* Release */ = {
			isa = XCBuildConfiguration;
			buildSettings = {
				ALWAYS_SEARCH_USER_PATHS = NO;
				CLANG_ANALYZER_NONNULL = YES;
				CLANG_ANALYZER_NUMBER_OBJECT_CONVERSION = YES_AGGRESSIVE;
				CLANG_CXX_LANGUAGE_STANDARD = "gnu++14";
				CLANG_CXX_LIBRARY = "libc++";
				CLANG_ENABLE_MODULES = YES;
				CLANG_ENABLE_OBJC_ARC = YES;
				CLANG_ENABLE_OBJC_WEAK = YES;
				CLANG_WARN_BLOCK_CAPTURE_AUTORELEASING = YES;
				CLANG_WARN_BOOL_CONVERSION = YES;
				CLANG_WARN_COMMA = YES;
				CLANG_WARN_CONSTANT_CONVERSION = YES;
				CLANG_WARN_DEPRECATED_OBJC_IMPLEMENTATIONS = YES;
				CLANG_WARN_DIRECT_OBJC_ISA_USAGE = YES_ERROR;
				CLANG_WARN_DOCUMENTATION_COMMENTS = YES;
				CLANG_WARN_EMPTY_BODY = YES;
				CLANG_WARN_ENUM_CONVERSION = YES;
				CLANG_WARN_INFINITE_RECURSION = YES;
				CLANG_WARN_INT_CONVERSION = YES;
				CLANG_WARN_NON_LITERAL_NULL_CONVERSION = YES;
				CLANG_WARN_OBJC_IMPLICIT_RETAIN_SELF = YES;
				CLANG_WARN_OBJC_LITERAL_CONVERSION = YES;
				CLANG_WARN_OBJC_ROOT_CLASS = YES_ERROR;
				CLANG_WARN_QUOTED_INCLUDE_IN_FRAMEWORK_HEADER = YES;
				CLANG_WARN_RANGE_LOOP_ANALYSIS = YES;
				CLANG_WARN_STRICT_PROTOTYPES = YES;
				CLANG_WARN_SUSPICIOUS_MOVE = YES;
				CLANG_WARN_UNGUARDED_AVAILABILITY = YES_AGGRESSIVE;
				CLANG_WARN_UNREACHABLE_CODE = YES;
				CLANG_WARN__DUPLICATE_METHOD_MATCH = YES;
				COPY_PHASE_STRIP = NO;
				DEBUG_INFORMATION_FORMAT = "dwarf-with-dsym";
				ENABLE_NS_ASSERTIONS = NO;
				ENABLE_STRICT_OBJC_MSGSEND = YES;
				GCC_C_LANGUAGE_STANDARD = gnu11;
				GCC_NO_COMMON_BLOCKS = YES;
				GCC_WARN_64_TO_32_BIT_CONVERSION = YES;
				GCC_WARN_ABOUT_RETURN_TYPE = YES_ERROR;
				GCC_WARN_UNDECLARED_SELECTOR = YES;
				GCC_WARN_UNINITIALIZED_AUTOS = YES_AGGRESSIVE;
				GCC_WARN_UNUSED_FUNCTION = YES;
				GCC_WARN_UNUSED_VARIABLE = YES;
				MACOSX_DEPLOYMENT_TARGET = 10.15;
				MTL_ENABLE_DEBUG_INFO = NO;
				MTL_FAST_MATH = YES;
				SDKROOT = macosx;
				SWIFT_COMPILATION_MODE = wholemodule;
				SWIFT_OPTIMIZATION_LEVEL = "-O";
			};
			name = Release;
		};
		685A91EA25F34576002C6102 /* Debug */ = {
			isa = XCBuildConfiguration;
			baseConfigurationReference = BFB3A83EDEB9CAAAECC7ED80 /* Pods-CLILoggerServer.debug.xcconfig */;
			buildSettings = {
				CODE_SIGN_STYLE = Manual;
				DEVELOPMENT_TEAM = "";
				MACOSX_DEPLOYMENT_TARGET = 10.15;
				PRODUCT_NAME = "cli-logger";
				PROVISIONING_PROFILE_SPECIFIER = "";
				SWIFT_VERSION = 5.0;
			};
			name = Debug;
		};
		685A91EB25F34576002C6102 /* Release */ = {
			isa = XCBuildConfiguration;
			baseConfigurationReference = A4428C2A61DD9393A626826C /* Pods-CLILoggerServer.release.xcconfig */;
			buildSettings = {
				CODE_SIGN_STYLE = Manual;
				DEVELOPMENT_TEAM = "";
				MACOSX_DEPLOYMENT_TARGET = 10.15;
				PRODUCT_NAME = "cli-logger";
				PROVISIONING_PROFILE_SPECIFIER = "";
				SWIFT_VERSION = 5.0;
			};
			name = Release;
		};
/* End XCBuildConfiguration section */

/* Begin XCConfigurationList section */
		685A91DD25F34576002C6102 /* Build configuration list for PBXProject "CLILoggerServer" */ = {
			isa = XCConfigurationList;
			buildConfigurations = (
				685A91E725F34576002C6102 /* Debug */,
				685A91E825F34576002C6102 /* Release */,
			);
			defaultConfigurationIsVisible = 0;
			defaultConfigurationName = Release;
		};
		685A91E925F34576002C6102 /* Build configuration list for PBXNativeTarget "CLILoggerServer" */ = {
			isa = XCConfigurationList;
			buildConfigurations = (
				685A91EA25F34576002C6102 /* Debug */,
				685A91EB25F34576002C6102 /* Release */,
			);
			defaultConfigurationIsVisible = 0;
			defaultConfigurationName = Release;
		};
/* End XCConfigurationList section */

/* Begin XCRemoteSwiftPackageReference section */
		685A91F325F3CB13002C6102 /* XCRemoteSwiftPackageReference "swift-argument-parser" */ = {
			isa = XCRemoteSwiftPackageReference;
			repositoryURL = "https://github.com/apple/swift-argument-parser";
			requirement = {
				kind = upToNextMajorVersion;
				minimumVersion = 0.4.0;
			};
		};
		68EB180526BE754600B48A63 /* XCRemoteSwiftPackageReference "Yams" */ = {
			isa = XCRemoteSwiftPackageReference;
			repositoryURL = "https://github.com/jpsim/Yams.git";
			requirement = {
				kind = upToNextMajorVersion;
				minimumVersion = 4.0.6;
			};
		};
/* End XCRemoteSwiftPackageReference section */

/* Begin XCSwiftPackageProductDependency section */
		685A91F425F3CB13002C6102 /* ArgumentParser */ = {
			isa = XCSwiftPackageProductDependency;
			package = 685A91F325F3CB13002C6102 /* XCRemoteSwiftPackageReference "swift-argument-parser" */;
			productName = ArgumentParser;
		};
		68EB180626BE754600B48A63 /* Yams */ = {
			isa = XCSwiftPackageProductDependency;
			package = 68EB180526BE754600B48A63 /* XCRemoteSwiftPackageReference "Yams" */;
			productName = Yams;
		};
/* End XCSwiftPackageProductDependency section */
	};
	rootObject = 685A91DA25F34576002C6102 /* Project object */;
}
