PODS:
  - CocoaLumberjack/Core (3.7.0)
  - CocoaLumberjack/Swift (3.7.0):
    - CocoaLumberjack/Core

DEPENDENCIES:
  - CocoaLumberjack/Swift

SPEC REPOS:
  trunk:
    - CocoaLumberjack

SPEC CHECKSUMS:
  CocoaLumberjack: e8955b9d337ac307103b0a34fd141c32f27e53c5

PODFILE CHECKSUM: e43abbadec713006177637cafd833f56a11de719

COCOAPODS: 1.10.0
