{
  "object": {
    "pins": [
      {
        "package": "swift-argument-parser",
        "repositoryURL": "https://github.com/apple/swift-argument-parser",
        "state": {
          "branch": null,
          "revision": "69ddee8c323ed468539e3b05e8c01e3d5a37bf6a",
          "version": "0.4.0"
        }
      }
    ]
  },
  "version": 1
}
